
Microsoft Visual Studio Solution File, Format Version 12.00
# Visual Studio Version 16
VisualStudioVersion = 16.0.30804.86
MinimumVisualStudioVersion = 10.0.40219.1
Project("{FAE04EC0-301F-11D3-BF4B-00C04F79EFBC}") = "student-admission-backend", "student-admission-backend\student-admission-backend.csproj", "{4DD612BD-2F94-454E-942C-E22FBAF671BB}"
EndProject
Global
	GlobalSection(SolutionConfigurationPlatforms) = preSolution
		Debug|Any CPU = Debug|Any CPU
		Release|Any CPU = Release|Any CPU
	EndGlobalSection
	GlobalSection(ProjectConfigurationPlatforms) = postSolution
		{4DD612BD-2F94-454E-942C-E22FBAF671BB}.Debug|Any CPU.ActiveCfg = Debug|Any CPU
		{4DD612BD-2F94-454E-942C-E22FBAF671BB}.Debug|Any CPU.Build.0 = Debug|Any CPU
		{4DD612BD-2F94-454E-942C-E22FBAF671BB}.Release|Any CPU.ActiveCfg = Release|Any CPU
		{4DD612BD-2F94-454E-942C-E22FBAF671BB}.Release|Any CPU.Build.0 = Release|Any CPU
	EndGlobalSection
	GlobalSection(SolutionProperties) = preSolution
		HideSolutionNode = FALSE
	EndGlobalSection
	GlobalSection(ExtensibilityGlobals) = postSolution
		SolutionGuid = {D3D0BC86-65B0-42F4-82F1-B00F171FF916}
	EndGlobalSection
EndGlobal
